
Microsoft Visual Studio Solution File, Format Version 12.00
# Visual Studio 15
VisualStudioVersion = 15.0.27004.2002
MinimumVisualStudioVersion = 10.0.40219.1
Project("{FAE04EC0-301F-11D3-BF4B-00C04F79EFBC}") = "BelarusContextStandart", "BelarusContextStandart\BelarusContextStandart.csproj", "{429F58FD-3298-4E40-9936-AFAFF6B6731D}"
EndProject
Global
	GlobalSection(SolutionConfigurationPlatforms) = preSolution
		Debug|Any CPU = Debug|Any CPU
		Release|Any CPU = Release|Any CPU
	EndGlobalSection
	GlobalSection(ProjectConfigurationPlatforms) = postSolution
		{429F58FD-3298-4E40-9936-AFAFF6B6731D}.Debug|Any CPU.ActiveCfg = Debug|Any CPU
		{429F58FD-3298-4E40-9936-AFAFF6B6731D}.Debug|Any CPU.Build.0 = Debug|Any CPU
		{429F58FD-3298-4E40-9936-AFAFF6B6731D}.Release|Any CPU.ActiveCfg = Release|Any CPU
		{429F58FD-3298-4E40-9936-AFAFF6B6731D}.Release|Any CPU.Build.0 = Release|Any CPU
	EndGlobalSection
	GlobalSection(SolutionProperties) = preSolution
		HideSolutionNode = FALSE
	EndGlobalSection
	GlobalSection(ExtensibilityGlobals) = postSolution
		SolutionGuid = {4263C599-A4FE-40BE-9509-9561C08A1107}
	EndGlobalSection
EndGlobal
